
Microsoft Visual Studio Solution File, Format Version 12.00
Project("{FAE04EC0-301F-11D3-BF4B-00C04F79EFBC}") = "DotShapes", "DotShapes\DotShapes.csproj", "{B2C6022E-E7B9-434C-A131-03FBE2FB105F}"
EndProject
Project("{FAE04EC0-301F-11D3-BF4B-00C04F79EFBC}") = "DotShapes.Tests", "DotShapes.Tests\DotShapes.Tests.csproj", "{DE2329A4-A145-4261-BC4F-7CC787C03B26}"
EndProject
Global
	GlobalSection(SolutionConfigurationPlatforms) = preSolution
		Debug|Any CPU = Debug|Any CPU
		Release|Any CPU = Release|Any CPU
	EndGlobalSection
	GlobalSection(ProjectConfigurationPlatforms) = postSolution
		{B2C6022E-E7B9-434C-A131-03FBE2FB105F}.Debug|Any CPU.ActiveCfg = Debug|Any CPU
		{B2C6022E-E7B9-434C-A131-03FBE2FB105F}.Debug|Any CPU.Build.0 = Debug|Any CPU
		{B2C6022E-E7B9-434C-A131-03FBE2FB105F}.Release|Any CPU.ActiveCfg = Release|Any CPU
		{B2C6022E-E7B9-434C-A131-03FBE2FB105F}.Release|Any CPU.Build.0 = Release|Any CPU
		{DE2329A4-A145-4261-BC4F-7CC787C03B26}.Debug|Any CPU.ActiveCfg = Debug|Any CPU
		{DE2329A4-A145-4261-BC4F-7CC787C03B26}.Debug|Any CPU.Build.0 = Debug|Any CPU
		{DE2329A4-A145-4261-BC4F-7CC787C03B26}.Release|Any CPU.ActiveCfg = Release|Any CPU
		{DE2329A4-A145-4261-BC4F-7CC787C03B26}.Release|Any CPU.Build.0 = Release|Any CPU
	EndGlobalSection
EndGlobal
